// !$*UTF8*$!
{
	archiveVersion = 1;
	classes = {
	};
	objectVersion = 50;
	objects = {

/* Begin PBXBuildFile section */
		83FE537D23E906C200E04182 /* AppDelegate.swift in Sources */ = {isa = PBXBuildFile; fileRef = 83FE537C23E906C200E04182 /* AppDelegate.swift */; };
		83FE538423E906C200E04182 /* Main.storyboard in Resources */ = {isa = PBXBuildFile; fileRef = 83FE538223E906C200E04182 /* Main.storyboard */; };
		83FE538623E906C300E04182 /* Assets.xcassets in Resources */ = {isa = PBXBuildFile; fileRef = 83FE538523E906C300E04182 /* Assets.xcassets */; };
		83FE538923E906C300E04182 /* LaunchScreen.storyboard in Resources */ = {isa = PBXBuildFile; fileRef = 83FE538723E906C300E04182 /* LaunchScreen.storyboard */; };
		83FE53AD23E91A3A00E04182 /* Mapbox.framework in Frameworks */ = {isa = PBXBuildFile; fileRef = 83FE53AC23E91A3A00E04182 /* Mapbox.framework */; };
		83FE53AE23E91A3A00E04182 /* Mapbox.framework in Embed Frameworks */ = {isa = PBXBuildFile; fileRef = 83FE53AC23E91A3A00E04182 /* Mapbox.framework */; settings = {ATTRIBUTES = (CodeSignOnCopy, RemoveHeadersOnCopy, ); }; };
		83FE53B423E91C3800E04182 /* Colors.swift in Sources */ = {isa = PBXBuildFile; fileRef = 83FE53B323E91C3800E04182 /* Colors.swift */; };
		83FE53BB23E91EAA00E04182 /* GameMapNavigator.swift in Sources */ = {isa = PBXBuildFile; fileRef = 83FE53BA23E91EAA00E04182 /* GameMapNavigator.swift */; };
		83FE53BD23E91FFC00E04182 /* GameMapView.swift in Sources */ = {isa = PBXBuildFile; fileRef = 83FE53BC23E91FFC00E04182 /* GameMapView.swift */; };
		83FE53BF23E9200F00E04182 /* GameMapViewController.swift in Sources */ = {isa = PBXBuildFile; fileRef = 83FE53BE23E9200F00E04182 /* GameMapViewController.swift */; };
		83FE53C123E9202400E04182 /* GameMapView.xib in Resources */ = {isa = PBXBuildFile; fileRef = 83FE53C023E9202400E04182 /* GameMapView.xib */; };
		83FE53C423E9AE9200E04182 /* Storage.swift in Sources */ = {isa = PBXBuildFile; fileRef = 83FE53C323E9AE9200E04182 /* Storage.swift */; };
		83FE53C623E9AF0F00E04182 /* DependencyContainer.swift in Sources */ = {isa = PBXBuildFile; fileRef = 83FE53C523E9AF0F00E04182 /* DependencyContainer.swift */; };
		83FE53C923E9AF9100E04182 /* Navigator.swift in Sources */ = {isa = PBXBuildFile; fileRef = 83FE53C823E9AF9100E04182 /* Navigator.swift */; };
		83FE53CB23E9AFAE00E04182 /* SystemNavigatable.swift in Sources */ = {isa = PBXBuildFile; fileRef = 83FE53CA23E9AFAE00E04182 /* SystemNavigatable.swift */; };
		83FE53CD23E9AFC000E04182 /* ViewControllerFactory.swift in Sources */ = {isa = PBXBuildFile; fileRef = 83FE53CC23E9AFC000E04182 /* ViewControllerFactory.swift */; };
		83FE53D023E9AFFB00E04182 /* Game.swift in Sources */ = {isa = PBXBuildFile; fileRef = 83FE53CF23E9AFFB00E04182 /* Game.swift */; };
		83FE53D223E9B00600E04182 /* User.swift in Sources */ = {isa = PBXBuildFile; fileRef = 83FE53D123E9B00600E04182 /* User.swift */; };
		83FE53D423E9B39100E04182 /* UIViewController+NibLoadable.swift in Sources */ = {isa = PBXBuildFile; fileRef = 83FE53D323E9B39100E04182 /* UIViewController+NibLoadable.swift */; };
		83FE53D623E9B3AA00E04182 /* NibBasedView.swift in Sources */ = {isa = PBXBuildFile; fileRef = 83FE53D523E9B3AA00E04182 /* NibBasedView.swift */; };
		83FE53D823E9C8F200E04182 /* MainNavigationController.swift in Sources */ = {isa = PBXBuildFile; fileRef = 83FE53D723E9C8F200E04182 /* MainNavigationController.swift */; };
		83FE53DA23E9D34600E04182 /* NavigationHeaderView.swift in Sources */ = {isa = PBXBuildFile; fileRef = 83FE53D923E9D34600E04182 /* NavigationHeaderView.swift */; };
		83FE53DC23E9D53A00E04182 /* NavigationHeaderView.xib in Resources */ = {isa = PBXBuildFile; fileRef = 83FE53DB23E9D53A00E04182 /* NavigationHeaderView.xib */; };
/* End PBXBuildFile section */

/* Begin PBXCopyFilesBuildPhase section */
		83FE53AF23E91A3A00E04182 /* Embed Frameworks */ = {
			isa = PBXCopyFilesBuildPhase;
			buildActionMask = 2147483647;
			dstPath = "";
			dstSubfolderSpec = 10;
			files = (
				83FE53AE23E91A3A00E04182 /* Mapbox.framework in Embed Frameworks */,
			);
			name = "Embed Frameworks";
			runOnlyForDeploymentPostprocessing = 0;
		};
/* End PBXCopyFilesBuildPhase section */

/* Begin PBXFileReference section */
		83FE537923E906C200E04182 /* Ellerbe Creek.app */ = {isa = PBXFileReference; explicitFileType = wrapper.application; includeInIndex = 0; path = "Ellerbe Creek.app"; sourceTree = BUILT_PRODUCTS_DIR; };
		83FE537C23E906C200E04182 /* AppDelegate.swift */ = {isa = PBXFileReference; lastKnownFileType = sourcecode.swift; path = AppDelegate.swift; sourceTree = "<group>"; };
		83FE538323E906C200E04182 /* Base */ = {isa = PBXFileReference; lastKnownFileType = file.storyboard; name = Base; path = Base.lproj/Main.storyboard; sourceTree = "<group>"; };
		83FE538523E906C300E04182 /* Assets.xcassets */ = {isa = PBXFileReference; lastKnownFileType = folder.assetcatalog; path = Assets.xcassets; sourceTree = "<group>"; };
		83FE538823E906C300E04182 /* Base */ = {isa = PBXFileReference; lastKnownFileType = file.storyboard; name = Base; path = Base.lproj/LaunchScreen.storyboard; sourceTree = "<group>"; };
		83FE538A23E906C300E04182 /* Info.plist */ = {isa = PBXFileReference; lastKnownFileType = text.plist.xml; path = Info.plist; sourceTree = "<group>"; };
		83FE53AC23E91A3A00E04182 /* Mapbox.framework */ = {isa = PBXFileReference; lastKnownFileType = wrapper.framework; name = Mapbox.framework; path = Carthage/Build/iOS/Mapbox.framework; sourceTree = "<group>"; };
		83FE53B323E91C3800E04182 /* Colors.swift */ = {isa = PBXFileReference; lastKnownFileType = sourcecode.swift; path = Colors.swift; sourceTree = "<group>"; };
		83FE53BA23E91EAA00E04182 /* GameMapNavigator.swift */ = {isa = PBXFileReference; lastKnownFileType = sourcecode.swift; path = GameMapNavigator.swift; sourceTree = "<group>"; };
		83FE53BC23E91FFC00E04182 /* GameMapView.swift */ = {isa = PBXFileReference; lastKnownFileType = sourcecode.swift; path = GameMapView.swift; sourceTree = "<group>"; };
		83FE53BE23E9200F00E04182 /* GameMapViewController.swift */ = {isa = PBXFileReference; lastKnownFileType = sourcecode.swift; path = GameMapViewController.swift; sourceTree = "<group>"; };
		83FE53C023E9202400E04182 /* GameMapView.xib */ = {isa = PBXFileReference; lastKnownFileType = file.xib; path = GameMapView.xib; sourceTree = "<group>"; };
		83FE53C323E9AE9200E04182 /* Storage.swift */ = {isa = PBXFileReference; lastKnownFileType = sourcecode.swift; path = Storage.swift; sourceTree = "<group>"; };
		83FE53C523E9AF0F00E04182 /* DependencyContainer.swift */ = {isa = PBXFileReference; lastKnownFileType = sourcecode.swift; path = DependencyContainer.swift; sourceTree = "<group>"; };
		83FE53C823E9AF9100E04182 /* Navigator.swift */ = {isa = PBXFileReference; lastKnownFileType = sourcecode.swift; path = Navigator.swift; sourceTree = "<group>"; };
		83FE53CA23E9AFAE00E04182 /* SystemNavigatable.swift */ = {isa = PBXFileReference; lastKnownFileType = sourcecode.swift; path = SystemNavigatable.swift; sourceTree = "<group>"; };
		83FE53CC23E9AFC000E04182 /* ViewControllerFactory.swift */ = {isa = PBXFileReference; lastKnownFileType = sourcecode.swift; path = ViewControllerFactory.swift; sourceTree = "<group>"; };
		83FE53CF23E9AFFB00E04182 /* Game.swift */ = {isa = PBXFileReference; lastKnownFileType = sourcecode.swift; path = Game.swift; sourceTree = "<group>"; };
		83FE53D123E9B00600E04182 /* User.swift */ = {isa = PBXFileReference; lastKnownFileType = sourcecode.swift; path = User.swift; sourceTree = "<group>"; };
		83FE53D323E9B39100E04182 /* UIViewController+NibLoadable.swift */ = {isa = PBXFileReference; lastKnownFileType = sourcecode.swift; path = "UIViewController+NibLoadable.swift"; sourceTree = "<group>"; };
		83FE53D523E9B3AA00E04182 /* NibBasedView.swift */ = {isa = PBXFileReference; lastKnownFileType = sourcecode.swift; path = NibBasedView.swift; sourceTree = "<group>"; };
		83FE53D723E9C8F200E04182 /* MainNavigationController.swift */ = {isa = PBXFileReference; lastKnownFileType = sourcecode.swift; path = MainNavigationController.swift; sourceTree = "<group>"; };
		83FE53D923E9D34600E04182 /* NavigationHeaderView.swift */ = {isa = PBXFileReference; lastKnownFileType = sourcecode.swift; path = NavigationHeaderView.swift; sourceTree = "<group>"; };
		83FE53DB23E9D53A00E04182 /* NavigationHeaderView.xib */ = {isa = PBXFileReference; lastKnownFileType = file.xib; path = NavigationHeaderView.xib; sourceTree = "<group>"; };
/* End PBXFileReference section */

/* Begin PBXFrameworksBuildPhase section */
		83FE537623E906C200E04182 /* Frameworks */ = {
			isa = PBXFrameworksBuildPhase;
			buildActionMask = 2147483647;
			files = (
				83FE53AD23E91A3A00E04182 /* Mapbox.framework in Frameworks */,
			);
			runOnlyForDeploymentPostprocessing = 0;
		};
/* End PBXFrameworksBuildPhase section */

/* Begin PBXGroup section */
		83FE537023E906C100E04182 = {
			isa = PBXGroup;
			children = (
				83FE537B23E906C200E04182 /* Ellerbe Creek */,
				83FE537A23E906C200E04182 /* Products */,
				83FE53AB23E91A3A00E04182 /* Frameworks */,
			);
			sourceTree = "<group>";
		};
		83FE537A23E906C200E04182 /* Products */ = {
			isa = PBXGroup;
			children = (
				83FE537923E906C200E04182 /* Ellerbe Creek.app */,
			);
			name = Products;
			sourceTree = "<group>";
		};
		83FE537B23E906C200E04182 /* Ellerbe Creek */ = {
			isa = PBXGroup;
			children = (
				83FE537C23E906C200E04182 /* AppDelegate.swift */,
				83FE53B723E91E5600E04182 /* Common */,
				83FE53B823E91E5F00E04182 /* Features */,
				83FE538223E906C200E04182 /* Main.storyboard */,
				83FE538523E906C300E04182 /* Assets.xcassets */,
				83FE538723E906C300E04182 /* LaunchScreen.storyboard */,
				83FE538A23E906C300E04182 /* Info.plist */,
			);
			path = "Ellerbe Creek";
			sourceTree = "<group>";
		};
		83FE53AB23E91A3A00E04182 /* Frameworks */ = {
			isa = PBXGroup;
			children = (
				83FE53AC23E91A3A00E04182 /* Mapbox.framework */,
			);
			name = Frameworks;
			sourceTree = "<group>";
		};
		83FE53B723E91E5600E04182 /* Common */ = {
			isa = PBXGroup;
			children = (
				83FE53C323E9AE9200E04182 /* Storage.swift */,
				83FE53C523E9AF0F00E04182 /* DependencyContainer.swift */,
				83FE53C223E9204000E04182 /* UI */,
				83FE53C723E9AF7E00E04182 /* Protocols */,
				83FE53CE23E9AFDD00E04182 /* Models */,
			);
			path = Common;
			sourceTree = "<group>";
		};
		83FE53B823E91E5F00E04182 /* Features */ = {
			isa = PBXGroup;
			children = (
				83FE53B923E91E7B00E04182 /* GameMap */,
			);
			path = Features;
			sourceTree = "<group>";
		};
		83FE53B923E91E7B00E04182 /* GameMap */ = {
			isa = PBXGroup;
			children = (
				83FE53BA23E91EAA00E04182 /* GameMapNavigator.swift */,
				83FE53BC23E91FFC00E04182 /* GameMapView.swift */,
				83FE53C023E9202400E04182 /* GameMapView.xib */,
				83FE53BE23E9200F00E04182 /* GameMapViewController.swift */,
			);
			path = GameMap;
			sourceTree = "<group>";
		};
		83FE53C223E9204000E04182 /* UI */ = {
			isa = PBXGroup;
			children = (
				83FE53B323E91C3800E04182 /* Colors.swift */,
				83FE53D523E9B3AA00E04182 /* NibBasedView.swift */,
				83FE53D323E9B39100E04182 /* UIViewController+NibLoadable.swift */,
				83FE53D723E9C8F200E04182 /* MainNavigationController.swift */,
				83FE53DD23E9D54000E04182 /* NavigationHeader */,
			);
			path = UI;
			sourceTree = "<group>";
		};
		83FE53C723E9AF7E00E04182 /* Protocols */ = {
			isa = PBXGroup;
			children = (
				83FE53C823E9AF9100E04182 /* Navigator.swift */,
				83FE53CA23E9AFAE00E04182 /* SystemNavigatable.swift */,
				83FE53CC23E9AFC000E04182 /* ViewControllerFactory.swift */,
			);
			path = Protocols;
			sourceTree = "<group>";
		};
		83FE53CE23E9AFDD00E04182 /* Models */ = {
			isa = PBXGroup;
			children = (
				83FE53D123E9B00600E04182 /* User.swift */,
				83FE53CF23E9AFFB00E04182 /* Game.swift */,
			);
			path = Models;
			sourceTree = "<group>";
		};
		83FE53DD23E9D54000E04182 /* NavigationHeader */ = {
			isa = PBXGroup;
			children = (
				83FE53D923E9D34600E04182 /* NavigationHeaderView.swift */,
				83FE53DB23E9D53A00E04182 /* NavigationHeaderView.xib */,
			);
			path = NavigationHeader;
			sourceTree = "<group>";
		};
/* End PBXGroup section */

/* Begin PBXNativeTarget section */
		83FE537823E906C200E04182 /* Ellerbe Creek */ = {
			isa = PBXNativeTarget;
			buildConfigurationList = 83FE538D23E906C300E04182 /* Build configuration list for PBXNativeTarget "Ellerbe Creek" */;
			buildPhases = (
				83FE537523E906C200E04182 /* Sources */,
				83FE537623E906C200E04182 /* Frameworks */,
				83FE537723E906C200E04182 /* Resources */,
				83FE53AF23E91A3A00E04182 /* Embed Frameworks */,
				83FE53B023E91A4A00E04182 /* ShellScript */,
			);
			buildRules = (
			);
			dependencies = (
			);
			name = "Ellerbe Creek";
			productName = "Ellerbe Creek";
			productReference = 83FE537923E906C200E04182 /* Ellerbe Creek.app */;
			productType = "com.apple.product-type.application";
		};
/* End PBXNativeTarget section */

/* Begin PBXProject section */
		83FE537123E906C100E04182 /* Project object */ = {
			isa = PBXProject;
			attributes = {
				LastSwiftUpdateCheck = 1130;
				LastUpgradeCheck = 1130;
				ORGANIZATIONNAME = "Ryan Anderson";
				TargetAttributes = {
					83FE537823E906C200E04182 = {
						CreatedOnToolsVersion = 11.3.1;
					};
				};
			};
			buildConfigurationList = 83FE537423E906C200E04182 /* Build configuration list for PBXProject "Ellerbe Creek" */;
			compatibilityVersion = "Xcode 9.3";
			developmentRegion = en;
			hasScannedForEncodings = 0;
			knownRegions = (
				en,
				Base,
			);
			mainGroup = 83FE537023E906C100E04182;
			productRefGroup = 83FE537A23E906C200E04182 /* Products */;
			projectDirPath = "";
			projectRoot = "";
			targets = (
				83FE537823E906C200E04182 /* Ellerbe Creek */,
			);
		};
/* End PBXProject section */

/* Begin PBXResourcesBuildPhase section */
		83FE537723E906C200E04182 /* Resources */ = {
			isa = PBXResourcesBuildPhase;
			buildActionMask = 2147483647;
			files = (
				83FE538923E906C300E04182 /* LaunchScreen.storyboard in Resources */,
				83FE53DC23E9D53A00E04182 /* NavigationHeaderView.xib in Resources */,
				83FE538623E906C300E04182 /* Assets.xcassets in Resources */,
				83FE538423E906C200E04182 /* Main.storyboard in Resources */,
				83FE53C123E9202400E04182 /* GameMapView.xib in Resources */,
			);
			runOnlyForDeploymentPostprocessing = 0;
		};
/* End PBXResourcesBuildPhase section */

/* Begin PBXShellScriptBuildPhase section */
		83FE53B023E91A4A00E04182 /* ShellScript */ = {
			isa = PBXShellScriptBuildPhase;
			buildActionMask = 2147483647;
			files = (
			);
			inputFileListPaths = (
			);
			inputPaths = (
				"$(SRCROOT)/Carthage/Build/iOS/Mapbox.framework",
				"$(SRCROOT)/Carthage/Build/iOS/MapboxMobileEvents.framework",
			);
			outputFileListPaths = (
			);
			outputPaths = (
			);
			runOnlyForDeploymentPostprocessing = 0;
			shellPath = /bin/sh;
			shellScript = "/usr/local/bin/carthage copy-frameworks\n";
		};
/* End PBXShellScriptBuildPhase section */

/* Begin PBXSourcesBuildPhase section */
		83FE537523E906C200E04182 /* Sources */ = {
			isa = PBXSourcesBuildPhase;
			buildActionMask = 2147483647;
			files = (
				83FE53C623E9AF0F00E04182 /* DependencyContainer.swift in Sources */,
				83FE53CD23E9AFC000E04182 /* ViewControllerFactory.swift in Sources */,
				83FE53D423E9B39100E04182 /* UIViewController+NibLoadable.swift in Sources */,
				83FE53BD23E91FFC00E04182 /* GameMapView.swift in Sources */,
				83FE53BF23E9200F00E04182 /* GameMapViewController.swift in Sources */,
				83FE53BB23E91EAA00E04182 /* GameMapNavigator.swift in Sources */,
				83FE53B423E91C3800E04182 /* Colors.swift in Sources */,
				83FE53D023E9AFFB00E04182 /* Game.swift in Sources */,
				83FE53D623E9B3AA00E04182 /* NibBasedView.swift in Sources */,
				83FE53DA23E9D34600E04182 /* NavigationHeaderView.swift in Sources */,
				83FE53CB23E9AFAE00E04182 /* SystemNavigatable.swift in Sources */,
				83FE53D823E9C8F200E04182 /* MainNavigationController.swift in Sources */,
				83FE53D223E9B00600E04182 /* User.swift in Sources */,
				83FE53C923E9AF9100E04182 /* Navigator.swift in Sources */,
				83FE537D23E906C200E04182 /* AppDelegate.swift in Sources */,
				83FE53C423E9AE9200E04182 /* Storage.swift in Sources */,
			);
			runOnlyForDeploymentPostprocessing = 0;
		};
/* End PBXSourcesBuildPhase section */

/* Begin PBXVariantGroup section */
		83FE538223E906C200E04182 /* Main.storyboard */ = {
			isa = PBXVariantGroup;
			children = (
				83FE538323E906C200E04182 /* Base */,
			);
			name = Main.storyboard;
			sourceTree = "<group>";
		};
		83FE538723E906C300E04182 /* LaunchScreen.storyboard */ = {
			isa = PBXVariantGroup;
			children = (
				83FE538823E906C300E04182 /* Base */,
			);
			name = LaunchScreen.storyboard;
			sourceTree = "<group>";
		};
/* End PBXVariantGroup section */

/* Begin XCBuildConfiguration section */
		83FE538B23E906C300E04182 /* Debug */ = {
			isa = XCBuildConfiguration;
			buildSettings = {
				ALWAYS_SEARCH_USER_PATHS = NO;
				CLANG_ANALYZER_NONNULL = YES;
				CLANG_ANALYZER_NUMBER_OBJECT_CONVERSION = YES_AGGRESSIVE;
				CLANG_CXX_LANGUAGE_STANDARD = "gnu++14";
				CLANG_CXX_LIBRARY = "libc++";
				CLANG_ENABLE_MODULES = YES;
				CLANG_ENABLE_OBJC_ARC = YES;
				CLANG_ENABLE_OBJC_WEAK = YES;
				CLANG_WARN_BLOCK_CAPTURE_AUTORELEASING = YES;
				CLANG_WARN_BOOL_CONVERSION = YES;
				CLANG_WARN_COMMA = YES;
				CLANG_WARN_CONSTANT_CONVERSION = YES;
				CLANG_WARN_DEPRECATED_OBJC_IMPLEMENTATIONS = YES;
				CLANG_WARN_DIRECT_OBJC_ISA_USAGE = YES_ERROR;
				CLANG_WARN_DOCUMENTATION_COMMENTS = YES;
				CLANG_WARN_EMPTY_BODY = YES;
				CLANG_WARN_ENUM_CONVERSION = YES;
				CLANG_WARN_INFINITE_RECURSION = YES;
				CLANG_WARN_INT_CONVERSION = YES;
				CLANG_WARN_NON_LITERAL_NULL_CONVERSION = YES;
				CLANG_WARN_OBJC_IMPLICIT_RETAIN_SELF = YES;
				CLANG_WARN_OBJC_LITERAL_CONVERSION = YES;
				CLANG_WARN_OBJC_ROOT_CLASS = YES_ERROR;
				CLANG_WARN_RANGE_LOOP_ANALYSIS = YES;
				CLANG_WARN_STRICT_PROTOTYPES = YES;
				CLANG_WARN_SUSPICIOUS_MOVE = YES;
				CLANG_WARN_UNGUARDED_AVAILABILITY = YES_AGGRESSIVE;
				CLANG_WARN_UNREACHABLE_CODE = YES;
				CLANG_WARN__DUPLICATE_METHOD_MATCH = YES;
				COPY_PHASE_STRIP = NO;
				DEBUG_INFORMATION_FORMAT = dwarf;
				ENABLE_STRICT_OBJC_MSGSEND = YES;
				ENABLE_TESTABILITY = YES;
				GCC_C_LANGUAGE_STANDARD = gnu11;
				GCC_DYNAMIC_NO_PIC = NO;
				GCC_NO_COMMON_BLOCKS = YES;
				GCC_OPTIMIZATION_LEVEL = 0;
				GCC_PREPROCESSOR_DEFINITIONS = (
					"DEBUG=1",
					"$(inherited)",
				);
				GCC_WARN_64_TO_32_BIT_CONVERSION = YES;
				GCC_WARN_ABOUT_RETURN_TYPE = YES_ERROR;
				GCC_WARN_UNDECLARED_SELECTOR = YES;
				GCC_WARN_UNINITIALIZED_AUTOS = YES_AGGRESSIVE;
				GCC_WARN_UNUSED_FUNCTION = YES;
				GCC_WARN_UNUSED_VARIABLE = YES;
				IPHONEOS_DEPLOYMENT_TARGET = 13.2;
				MTL_ENABLE_DEBUG_INFO = INCLUDE_SOURCE;
				MTL_FAST_MATH = YES;
				ONLY_ACTIVE_ARCH = YES;
				SDKROOT = iphoneos;
				SWIFT_ACTIVE_COMPILATION_CONDITIONS = DEBUG;
				SWIFT_OPTIMIZATION_LEVEL = "-Onone";
			};
			name = Debug;
		};
		83FE538C23E906C300E04182 /* Release */ = {
			isa = XCBuildConfiguration;
			buildSettings = {
				ALWAYS_SEARCH_USER_PATHS = NO;
				CLANG_ANALYZER_NONNULL = YES;
				CLANG_ANALYZER_NUMBER_OBJECT_CONVERSION = YES_AGGRESSIVE;
				CLANG_CXX_LANGUAGE_STANDARD = "gnu++14";
				CLANG_CXX_LIBRARY = "libc++";
				CLANG_ENABLE_MODULES = YES;
				CLANG_ENABLE_OBJC_ARC = YES;
				CLANG_ENABLE_OBJC_WEAK = YES;
				CLANG_WARN_BLOCK_CAPTURE_AUTORELEASING = YES;
				CLANG_WARN_BOOL_CONVERSION = YES;
				CLANG_WARN_COMMA = YES;
				CLANG_WARN_CONSTANT_CONVERSION = YES;
				CLANG_WARN_DEPRECATED_OBJC_IMPLEMENTATIONS = YES;
				CLANG_WARN_DIRECT_OBJC_ISA_USAGE = YES_ERROR;
				CLANG_WARN_DOCUMENTATION_COMMENTS = YES;
				CLANG_WARN_EMPTY_BODY = YES;
				CLANG_WARN_ENUM_CONVERSION = YES;
				CLANG_WARN_INFINITE_RECURSION = YES;
				CLANG_WARN_INT_CONVERSION = YES;
				CLANG_WARN_NON_LITERAL_NULL_CONVERSION = YES;
				CLANG_WARN_OBJC_IMPLICIT_RETAIN_SELF = YES;
				CLANG_WARN_OBJC_LITERAL_CONVERSION = YES;
				CLANG_WARN_OBJC_ROOT_CLASS = YES_ERROR;
				CLANG_WARN_RANGE_LOOP_ANALYSIS = YES;
				CLANG_WARN_STRICT_PROTOTYPES = YES;
				CLANG_WARN_SUSPICIOUS_MOVE = YES;
				CLANG_WARN_UNGUARDED_AVAILABILITY = YES_AGGRESSIVE;
				CLANG_WARN_UNREACHABLE_CODE = YES;
				CLANG_WARN__DUPLICATE_METHOD_MATCH = YES;
				COPY_PHASE_STRIP = NO;
				DEBUG_INFORMATION_FORMAT = "dwarf-with-dsym";
				ENABLE_NS_ASSERTIONS = NO;
				ENABLE_STRICT_OBJC_MSGSEND = YES;
				GCC_C_LANGUAGE_STANDARD = gnu11;
				GCC_NO_COMMON_BLOCKS = YES;
				GCC_WARN_64_TO_32_BIT_CONVERSION = YES;
				GCC_WARN_ABOUT_RETURN_TYPE = YES_ERROR;
				GCC_WARN_UNDECLARED_SELECTOR = YES;
				GCC_WARN_UNINITIALIZED_AUTOS = YES_AGGRESSIVE;
				GCC_WARN_UNUSED_FUNCTION = YES;
				GCC_WARN_UNUSED_VARIABLE = YES;
				IPHONEOS_DEPLOYMENT_TARGET = 13.2;
				MTL_ENABLE_DEBUG_INFO = NO;
				MTL_FAST_MATH = YES;
				SDKROOT = iphoneos;
				SWIFT_COMPILATION_MODE = wholemodule;
				SWIFT_OPTIMIZATION_LEVEL = "-O";
				VALIDATE_PRODUCT = YES;
			};
			name = Release;
		};
		83FE538E23E906C300E04182 /* Debug */ = {
			isa = XCBuildConfiguration;
			buildSettings = {
				ASSETCATALOG_COMPILER_APPICON_NAME = AppIcon;
				CODE_SIGN_STYLE = Automatic;
				DEVELOPMENT_TEAM = HMYMB448CY;
				FRAMEWORK_SEARCH_PATHS = (
					"$(inherited)",
					"$(PROJECT_DIR)",
					"$(PROJECT_DIR)/Carthage/Build/iOS",
				);
				INFOPLIST_FILE = "Ellerbe Creek/Info.plist";
				IPHONEOS_DEPLOYMENT_TARGET = 12.0;
				LD_RUNPATH_SEARCH_PATHS = (
					"$(inherited)",
					"@executable_path/Frameworks",
				);
				PRODUCT_BUNDLE_IDENTIFIER = "com.ryananderson.Ellerbe-Creek";
				PRODUCT_NAME = "$(TARGET_NAME)";
				SWIFT_VERSION = 5.0;
				TARGETED_DEVICE_FAMILY = 1;
			};
			name = Debug;
		};
		83FE538F23E906C300E04182 /* Release */ = {
			isa = XCBuildConfiguration;
			buildSettings = {
				ASSETCATALOG_COMPILER_APPICON_NAME = AppIcon;
				CODE_SIGN_STYLE = Automatic;
				DEVELOPMENT_TEAM = HMYMB448CY;
				FRAMEWORK_SEARCH_PATHS = (
					"$(inherited)",
					"$(PROJECT_DIR)",
					"$(PROJECT_DIR)/Carthage/Build/iOS",
				);
				INFOPLIST_FILE = "Ellerbe Creek/Info.plist";
				IPHONEOS_DEPLOYMENT_TARGET = 12.0;
				LD_RUNPATH_SEARCH_PATHS = (
					"$(inherited)",
					"@executable_path/Frameworks",
				);
				PRODUCT_BUNDLE_IDENTIFIER = "com.ryananderson.Ellerbe-Creek";
				PRODUCT_NAME = "$(TARGET_NAME)";
				SWIFT_VERSION = 5.0;
				TARGETED_DEVICE_FAMILY = 1;
			};
			name = Release;
		};
/* End XCBuildConfiguration section */

/* Begin XCConfigurationList section */
		83FE537423E906C200E04182 /* Build configuration list for PBXProject "Ellerbe Creek" */ = {
			isa = XCConfigurationList;
			buildConfigurations = (
				83FE538B23E906C300E04182 /* Debug */,
				83FE538C23E906C300E04182 /* Release */,
			);
			defaultConfigurationIsVisible = 0;
			defaultConfigurationName = Release;
		};
		83FE538D23E906C300E04182 /* Build configuration list for PBXNativeTarget "Ellerbe Creek" */ = {
			isa = XCConfigurationList;
			buildConfigurations = (
				83FE538E23E906C300E04182 /* Debug */,
				83FE538F23E906C300E04182 /* Release */,
			);
			defaultConfigurationIsVisible = 0;
			defaultConfigurationName = Release;
		};
/* End XCConfigurationList section */
	};
	rootObject = 83FE537123E906C100E04182 /* Project object */;
}
